
Microsoft Visual Studio Solution File, Format Version 12.00
# Visual Studio Version 17
VisualStudioVersion = 17.11.35208.52
MinimumVisualStudioVersion = 10.0.40219.1
Project("{FAE04EC0-301F-11D3-BF4B-00C04F79EFBC}") = "WikipediaApi", "WikipediaApi.csproj", "{40EF9EF2-77BE-4300-88FD-0D0A6EECD315}"
EndProject
Global
	GlobalSection(SolutionConfigurationPlatforms) = preSolution
		Debug|Any CPU = Debug|Any CPU
		Release|Any CPU = Release|Any CPU
	EndGlobalSection
	GlobalSection(ProjectConfigurationPlatforms) = postSolution
		{40EF9EF2-77BE-4300-88FD-0D0A6EECD315}.Debug|Any CPU.ActiveCfg = Debug|Any CPU
		{40EF9EF2-77BE-4300-88FD-0D0A6EECD315}.Debug|Any CPU.Build.0 = Debug|Any CPU
		{40EF9EF2-77BE-4300-88FD-0D0A6EECD315}.Release|Any CPU.ActiveCfg = Release|Any CPU
		{40EF9EF2-77BE-4300-88FD-0D0A6EECD315}.Release|Any CPU.Build.0 = Release|Any CPU
	EndGlobalSection
	GlobalSection(SolutionProperties) = preSolution
		HideSolutionNode = FALSE
	EndGlobalSection
	GlobalSection(ExtensibilityGlobals) = postSolution
		SolutionGuid = {A59C9D47-57BC-4777-9106-3C083679E514}
	EndGlobalSection
EndGlobal
